
Microsoft Visual Studio Solution File, Format Version 12.00
# Visual Studio Version 17
VisualStudioVersion = 17.11.35327.3
MinimumVisualStudioVersion = 10.0.40219.1
Project("{FAE04EC0-301F-11D3-BF4B-00C04F79EFBC}") = "Activities.ExcelRegexSearch", "Activities.ExcelRegexSearch\Activities.ExcelRegexSearch.csproj", "{3CC22D52-9347-4D76-9DD0-8CE28108F73F}"
EndProject
Global
	GlobalSection(SolutionConfigurationPlatforms) = preSolution
		Debug|Any CPU = Debug|Any CPU
		Release|Any CPU = Release|Any CPU
	EndGlobalSection
	GlobalSection(ProjectConfigurationPlatforms) = postSolution
		{3CC22D52-9347-4D76-9DD0-8CE28108F73F}.Debug|Any CPU.ActiveCfg = Debug|Any CPU
		{3CC22D52-9347-4D76-9DD0-8CE28108F73F}.Debug|Any CPU.Build.0 = Debug|Any CPU
		{3CC22D52-9347-4D76-9DD0-8CE28108F73F}.Release|Any CPU.ActiveCfg = Release|Any CPU
		{3CC22D52-9347-4D76-9DD0-8CE28108F73F}.Release|Any CPU.Build.0 = Release|Any CPU
	EndGlobalSection
	GlobalSection(SolutionProperties) = preSolution
		HideSolutionNode = FALSE
	EndGlobalSection
	GlobalSection(ExtensibilityGlobals) = postSolution
		SolutionGuid = {91B76746-AF4E-466A-A87D-A3CA9C162F83}
	EndGlobalSection
EndGlobal
